
Microsoft Visual Studio Solution File, Format Version 12.00
# Visual Studio Version 17
VisualStudioVersion = 17.9.34728.123
MinimumVisualStudioVersion = 10.0.40219.1
Project("{FAE04EC0-301F-11D3-BF4B-00C04F79EFBC}") = "shoesshop_api", "shoesshop_api\shoesshop_api.csproj", "{539E4E9D-5382-497A-A2AC-EB8094E1E5AF}"
EndProject
Global
	GlobalSection(SolutionConfigurationPlatforms) = preSolution
		Debug|Any CPU = Debug|Any CPU
		Release|Any CPU = Release|Any CPU
	EndGlobalSection
	GlobalSection(ProjectConfigurationPlatforms) = postSolution
		{539E4E9D-5382-497A-A2AC-EB8094E1E5AF}.Debug|Any CPU.ActiveCfg = Debug|Any CPU
		{539E4E9D-5382-497A-A2AC-EB8094E1E5AF}.Debug|Any CPU.Build.0 = Debug|Any CPU
		{539E4E9D-5382-497A-A2AC-EB8094E1E5AF}.Release|Any CPU.ActiveCfg = Release|Any CPU
		{539E4E9D-5382-497A-A2AC-EB8094E1E5AF}.Release|Any CPU.Build.0 = Release|Any CPU
	EndGlobalSection
	GlobalSection(SolutionProperties) = preSolution
		HideSolutionNode = FALSE
	EndGlobalSection
	GlobalSection(ExtensibilityGlobals) = postSolution
		SolutionGuid = {6213C4E7-5493-4F92-8AB6-F7A1A886BF57}
	EndGlobalSection
EndGlobal
